
Microsoft Visual Studio Solution File, Format Version 12.00
# Visual Studio 15
VisualStudioVersion = 15.0.27428.2037
MinimumVisualStudioVersion = 10.0.40219.1
Project("{FAE04EC0-301F-11D3-BF4B-00C04F79EFBC}") = "SS3Tests", "SS72\SS3Tests\SS3Tests.csproj", "{804E8C07-730D-4869-BEE3-5D96BC97FCB6}"
EndProject
Project("{FAE04EC0-301F-11D3-BF4B-00C04F79EFBC}") = "SS3", "SS3\SS3\SS3.csproj", "{2FA49E30-6A40-430F-B891-873C83ACEAB9}"
EndProject
Global
	GlobalSection(SolutionConfigurationPlatforms) = preSolution
		Debug|Any CPU = Debug|Any CPU
		Release|Any CPU = Release|Any CPU
	EndGlobalSection
	GlobalSection(ProjectConfigurationPlatforms) = postSolution
		{804E8C07-730D-4869-BEE3-5D96BC97FCB6}.Debug|Any CPU.ActiveCfg = Debug|Any CPU
		{804E8C07-730D-4869-BEE3-5D96BC97FCB6}.Debug|Any CPU.Build.0 = Debug|Any CPU
		{804E8C07-730D-4869-BEE3-5D96BC97FCB6}.Release|Any CPU.ActiveCfg = Release|Any CPU
		{804E8C07-730D-4869-BEE3-5D96BC97FCB6}.Release|Any CPU.Build.0 = Release|Any CPU
		{2FA49E30-6A40-430F-B891-873C83ACEAB9}.Debug|Any CPU.ActiveCfg = Debug|Any CPU
		{2FA49E30-6A40-430F-B891-873C83ACEAB9}.Debug|Any CPU.Build.0 = Debug|Any CPU
		{2FA49E30-6A40-430F-B891-873C83ACEAB9}.Release|Any CPU.ActiveCfg = Release|Any CPU
		{2FA49E30-6A40-430F-B891-873C83ACEAB9}.Release|Any CPU.Build.0 = Release|Any CPU
	EndGlobalSection
	GlobalSection(SolutionProperties) = preSolution
		HideSolutionNode = FALSE
	EndGlobalSection
	GlobalSection(ExtensibilityGlobals) = postSolution
		SolutionGuid = {BE152F64-7F12-4571-881B-51FDD514BD0B}
	EndGlobalSection
EndGlobal
